// !$*UTF8*$!
{
	archiveVersion = 1;
	classes = {
	};
	objectVersion = 50;
	objects = {

/* Begin PBXBuildFile section */
		610875052674AC79007E25DF /* PizzaTechDeliverAppApp.swift in Sources */ = {isa = PBXBuildFile; fileRef = 610875042674AC78007E25DF /* PizzaTechDeliverAppApp.swift */; };
		610875072674AC79007E25DF /* ContentView.swift in Sources */ = {isa = PBXBuildFile; fileRef = 610875062674AC79007E25DF /* ContentView.swift */; };
		610875092674AC7B007E25DF /* Assets.xcassets in Resources */ = {isa = PBXBuildFile; fileRef = 610875082674AC7B007E25DF /* Assets.xcassets */; };
		6108750C2674AC7B007E25DF /* Preview Assets.xcassets in Resources */ = {isa = PBXBuildFile; fileRef = 6108750B2674AC7B007E25DF /* Preview Assets.xcassets */; };
		610875322674AD50007E25DF /* CatalogPreview.json in Resources */ = {isa = PBXBuildFile; fileRef = 611B802725F3751500C300B7 /* CatalogPreview.json */; };
		610875332674AD50007E25DF /* Preview Assets.xcassets in Resources */ = {isa = PBXBuildFile; fileRef = 61B72ED525F2A2EF0065FB2A /* Preview Assets.xcassets */; };
		610875342674AD50007E25DF /* GetCatalogPreview.swift in Sources */ = {isa = PBXBuildFile; fileRef = 611B802925F3753700C300B7 /* GetCatalogPreview.swift */; };
		610875352674AD93007E25DF /* CatalogCategories.swift in Sources */ = {isa = PBXBuildFile; fileRef = 61B883FE25F42FEB00A67BC4 /* CatalogCategories.swift */; };
		610875362674AD93007E25DF /* CatalogService.swift in Sources */ = {isa = PBXBuildFile; fileRef = 611B801625F2C0B000C300B7 /* CatalogService.swift */; };
		610875372674CD83007E25DF /* CatalogImages.xcassets in Resources */ = {isa = PBXBuildFile; fileRef = 61B883FA25F3B8DF00A67BC4 /* CatalogImages.xcassets */; };
		610875392674D39A007E25DF /* OrderPreview.swift in Sources */ = {isa = PBXBuildFile; fileRef = 610875382674D39A007E25DF /* OrderPreview.swift */; };
		6108753B2674D789007E25DF /* OrderInfoView.swift in Sources */ = {isa = PBXBuildFile; fileRef = 6108753A2674D789007E25DF /* OrderInfoView.swift */; };
		611B801725F2C0B000C300B7 /* CatalogService.swift in Sources */ = {isa = PBXBuildFile; fileRef = 611B801625F2C0B000C300B7 /* CatalogService.swift */; };
		611B801C25F2D46600C300B7 /* BackendAPI.swift in Sources */ = {isa = PBXBuildFile; fileRef = 611B801B25F2D46600C300B7 /* BackendAPI.swift */; };
		611B801F25F2E80900C300B7 /* MainActionsView.swift in Sources */ = {isa = PBXBuildFile; fileRef = 611B801E25F2E80800C300B7 /* MainActionsView.swift */; };
		611B802225F2ED1D00C300B7 /* CatalogView.swift in Sources */ = {isa = PBXBuildFile; fileRef = 611B802125F2ED1D00C300B7 /* CatalogView.swift */; };
		611B802425F2F1C900C300B7 /* CurrentCategory.swift in Sources */ = {isa = PBXBuildFile; fileRef = 611B802325F2F1C900C300B7 /* CurrentCategory.swift */; };
		611B802825F3751500C300B7 /* CatalogPreview.json in Resources */ = {isa = PBXBuildFile; fileRef = 611B802725F3751500C300B7 /* CatalogPreview.json */; };
		611B802A25F3753700C300B7 /* GetCatalogPreview.swift in Sources */ = {isa = PBXBuildFile; fileRef = 611B802925F3753700C300B7 /* GetCatalogPreview.swift */; };
		6188E2492673D6DF00822EFA /* OrderView.swift in Sources */ = {isa = PBXBuildFile; fileRef = 6188E2482673D6DF00822EFA /* OrderView.swift */; };
		61989E8426754EAF00A9A206 /* CheckoutView.swift in Sources */ = {isa = PBXBuildFile; fileRef = 61989E8326754EAF00A9A206 /* CheckoutView.swift */; };
		61B72ECF25F2A2ED0065FB2A /* PizzaTechApp.swift in Sources */ = {isa = PBXBuildFile; fileRef = 61B72ECE25F2A2ED0065FB2A /* PizzaTechApp.swift */; };
		61B72ED125F2A2ED0065FB2A /* HomeView.swift in Sources */ = {isa = PBXBuildFile; fileRef = 61B72ED025F2A2ED0065FB2A /* HomeView.swift */; };
		61B72ED325F2A2EF0065FB2A /* Assets.xcassets in Resources */ = {isa = PBXBuildFile; fileRef = 61B72ED225F2A2EF0065FB2A /* Assets.xcassets */; };
		61B72ED625F2A2EF0065FB2A /* Preview Assets.xcassets in Resources */ = {isa = PBXBuildFile; fileRef = 61B72ED525F2A2EF0065FB2A /* Preview Assets.xcassets */; };
		61B883F725F3B38500A67BC4 /* ItemInfo.swift in Sources */ = {isa = PBXBuildFile; fileRef = 61B883F625F3B38500A67BC4 /* ItemInfo.swift */; };
		61B883F925F3B5B000A67BC4 /* CategorySelection.swift in Sources */ = {isa = PBXBuildFile; fileRef = 61B883F825F3B5B000A67BC4 /* CategorySelection.swift */; };
		61B883FB25F3B8DF00A67BC4 /* CatalogImages.xcassets in Resources */ = {isa = PBXBuildFile; fileRef = 61B883FA25F3B8DF00A67BC4 /* CatalogImages.xcassets */; };
		61B883FF25F42FEB00A67BC4 /* CatalogCategories.swift in Sources */ = {isa = PBXBuildFile; fileRef = 61B883FE25F42FEB00A67BC4 /* CatalogCategories.swift */; };
		61FA0E202673D2A9009AF1C8 /* PizzaTech.xcdatamodeld in Sources */ = {isa = PBXBuildFile; fileRef = 61FA0E1E2673D2A9009AF1C8 /* PizzaTech.xcdatamodeld */; };
		61FA0E232673D442009AF1C8 /* OrderedItem+CoreDataClass.swift in Sources */ = {isa = PBXBuildFile; fileRef = 61FA0E212673D442009AF1C8 /* OrderedItem+CoreDataClass.swift */; };
		61FA0E242673D442009AF1C8 /* OrderedItem+CoreDataProperties.swift in Sources */ = {isa = PBXBuildFile; fileRef = 61FA0E222673D442009AF1C8 /* OrderedItem+CoreDataProperties.swift */; };
		61FDEE972675FDF10088DA2E /* RealOrderView.swift in Sources */ = {isa = PBXBuildFile; fileRef = 61FDEE962675FDF10088DA2E /* RealOrderView.swift */; };
/* End PBXBuildFile section */

/* Begin PBXFileReference section */
		610875022674AC78007E25DF /* PizzaTechDeliverApp.app */ = {isa = PBXFileReference; explicitFileType = wrapper.application; includeInIndex = 0; path = PizzaTechDeliverApp.app; sourceTree = BUILT_PRODUCTS_DIR; };
		610875042674AC78007E25DF /* PizzaTechDeliverAppApp.swift */ = {isa = PBXFileReference; lastKnownFileType = sourcecode.swift; path = PizzaTechDeliverAppApp.swift; sourceTree = "<group>"; };
		610875062674AC79007E25DF /* ContentView.swift */ = {isa = PBXFileReference; lastKnownFileType = sourcecode.swift; path = ContentView.swift; sourceTree = "<group>"; };
		610875082674AC7B007E25DF /* Assets.xcassets */ = {isa = PBXFileReference; lastKnownFileType = folder.assetcatalog; path = Assets.xcassets; sourceTree = "<group>"; };
		6108750B2674AC7B007E25DF /* Preview Assets.xcassets */ = {isa = PBXFileReference; lastKnownFileType = folder.assetcatalog; path = "Preview Assets.xcassets"; sourceTree = "<group>"; };
		6108750D2674AC7B007E25DF /* Info.plist */ = {isa = PBXFileReference; lastKnownFileType = text.plist.xml; path = Info.plist; sourceTree = "<group>"; };
		610875382674D39A007E25DF /* OrderPreview.swift */ = {isa = PBXFileReference; lastKnownFileType = sourcecode.swift; path = OrderPreview.swift; sourceTree = "<group>"; };
		6108753A2674D789007E25DF /* OrderInfoView.swift */ = {isa = PBXFileReference; lastKnownFileType = sourcecode.swift; path = OrderInfoView.swift; sourceTree = "<group>"; };
		611B801625F2C0B000C300B7 /* CatalogService.swift */ = {isa = PBXFileReference; lastKnownFileType = sourcecode.swift; path = CatalogService.swift; sourceTree = "<group>"; };
		611B801B25F2D46600C300B7 /* BackendAPI.swift */ = {isa = PBXFileReference; lastKnownFileType = sourcecode.swift; path = BackendAPI.swift; sourceTree = "<group>"; };
		611B801E25F2E80800C300B7 /* MainActionsView.swift */ = {isa = PBXFileReference; lastKnownFileType = sourcecode.swift; path = MainActionsView.swift; sourceTree = "<group>"; };
		611B802125F2ED1D00C300B7 /* CatalogView.swift */ = {isa = PBXFileReference; lastKnownFileType = sourcecode.swift; path = CatalogView.swift; sourceTree = "<group>"; };
		611B802325F2F1C900C300B7 /* CurrentCategory.swift */ = {isa = PBXFileReference; lastKnownFileType = sourcecode.swift; path = CurrentCategory.swift; sourceTree = "<group>"; };
		611B802725F3751500C300B7 /* CatalogPreview.json */ = {isa = PBXFileReference; lastKnownFileType = text.json; path = CatalogPreview.json; sourceTree = "<group>"; };
		611B802925F3753700C300B7 /* GetCatalogPreview.swift */ = {isa = PBXFileReference; lastKnownFileType = sourcecode.swift; path = GetCatalogPreview.swift; sourceTree = "<group>"; };
		6188E2482673D6DF00822EFA /* OrderView.swift */ = {isa = PBXFileReference; lastKnownFileType = sourcecode.swift; path = OrderView.swift; sourceTree = "<group>"; };
		61989E8326754EAF00A9A206 /* CheckoutView.swift */ = {isa = PBXFileReference; lastKnownFileType = sourcecode.swift; path = CheckoutView.swift; sourceTree = "<group>"; };
		61B72ECB25F2A2ED0065FB2A /* PizzaTech.app */ = {isa = PBXFileReference; explicitFileType = wrapper.application; includeInIndex = 0; path = PizzaTech.app; sourceTree = BUILT_PRODUCTS_DIR; };
		61B72ECE25F2A2ED0065FB2A /* PizzaTechApp.swift */ = {isa = PBXFileReference; lastKnownFileType = sourcecode.swift; path = PizzaTechApp.swift; sourceTree = "<group>"; };
		61B72ED025F2A2ED0065FB2A /* HomeView.swift */ = {isa = PBXFileReference; lastKnownFileType = sourcecode.swift; path = HomeView.swift; sourceTree = "<group>"; };
		61B72ED225F2A2EF0065FB2A /* Assets.xcassets */ = {isa = PBXFileReference; lastKnownFileType = folder.assetcatalog; path = Assets.xcassets; sourceTree = "<group>"; };
		61B72ED525F2A2EF0065FB2A /* Preview Assets.xcassets */ = {isa = PBXFileReference; lastKnownFileType = folder.assetcatalog; path = "Preview Assets.xcassets"; sourceTree = "<group>"; };
		61B72EDC25F2A2EF0065FB2A /* Info.plist */ = {isa = PBXFileReference; lastKnownFileType = text.plist.xml; path = Info.plist; sourceTree = "<group>"; };
		61B883F625F3B38500A67BC4 /* ItemInfo.swift */ = {isa = PBXFileReference; lastKnownFileType = sourcecode.swift; path = ItemInfo.swift; sourceTree = "<group>"; };
		61B883F825F3B5B000A67BC4 /* CategorySelection.swift */ = {isa = PBXFileReference; lastKnownFileType = sourcecode.swift; path = CategorySelection.swift; sourceTree = "<group>"; };
		61B883FA25F3B8DF00A67BC4 /* CatalogImages.xcassets */ = {isa = PBXFileReference; lastKnownFileType = folder.assetcatalog; path = CatalogImages.xcassets; sourceTree = "<group>"; };
		61B883FE25F42FEB00A67BC4 /* CatalogCategories.swift */ = {isa = PBXFileReference; lastKnownFileType = sourcecode.swift; path = CatalogCategories.swift; sourceTree = "<group>"; };
		61FA0E1F2673D2A9009AF1C8 /* PizzaTech.xcdatamodel */ = {isa = PBXFileReference; lastKnownFileType = wrapper.xcdatamodel; path = PizzaTech.xcdatamodel; sourceTree = "<group>"; };
		61FA0E212673D442009AF1C8 /* OrderedItem+CoreDataClass.swift */ = {isa = PBXFileReference; lastKnownFileType = sourcecode.swift; path = "OrderedItem+CoreDataClass.swift"; sourceTree = "<group>"; };
		61FA0E222673D442009AF1C8 /* OrderedItem+CoreDataProperties.swift */ = {isa = PBXFileReference; lastKnownFileType = sourcecode.swift; path = "OrderedItem+CoreDataProperties.swift"; sourceTree = "<group>"; };
		61FDEE962675FDF10088DA2E /* RealOrderView.swift */ = {isa = PBXFileReference; lastKnownFileType = sourcecode.swift; path = RealOrderView.swift; sourceTree = "<group>"; };
/* End PBXFileReference section */

/* Begin PBXFrameworksBuildPhase section */
		610874FF2674AC78007E25DF /* Frameworks */ = {
			isa = PBXFrameworksBuildPhase;
			buildActionMask = 2147483647;
			files = (
			);
			runOnlyForDeploymentPostprocessing = 0;
		};
		61B72EC825F2A2ED0065FB2A /* Frameworks */ = {
			isa = PBXFrameworksBuildPhase;
			buildActionMask = 2147483647;
			files = (
			);
			runOnlyForDeploymentPostprocessing = 0;
		};
/* End PBXFrameworksBuildPhase section */

/* Begin PBXGroup section */
		610875032674AC78007E25DF /* PizzaTechDeliverApp */ = {
			isa = PBXGroup;
			children = (
				610875042674AC78007E25DF /* PizzaTechDeliverAppApp.swift */,
				610875062674AC79007E25DF /* ContentView.swift */,
				610875382674D39A007E25DF /* OrderPreview.swift */,
				6108753A2674D789007E25DF /* OrderInfoView.swift */,
				610875082674AC7B007E25DF /* Assets.xcassets */,
				6108750D2674AC7B007E25DF /* Info.plist */,
				6108750A2674AC7B007E25DF /* Preview Content */,
			);
			path = PizzaTechDeliverApp;
			sourceTree = "<group>";
		};
		6108750A2674AC7B007E25DF /* Preview Content */ = {
			isa = PBXGroup;
			children = (
				6108750B2674AC7B007E25DF /* Preview Assets.xcassets */,
			);
			path = "Preview Content";
			sourceTree = "<group>";
		};
		610875302674AD34007E25DF /* SharedResources */ = {
			isa = PBXGroup;
			children = (
				61B883FA25F3B8DF00A67BC4 /* CatalogImages.xcassets */,
				61B72ED425F2A2EF0065FB2A /* Preview Content */,
			);
			path = SharedResources;
			sourceTree = "<group>";
		};
		611B801825F2D22400C300B7 /* Catalog */ = {
			isa = PBXGroup;
			children = (
				611B801625F2C0B000C300B7 /* CatalogService.swift */,
				61B883FE25F42FEB00A67BC4 /* CatalogCategories.swift */,
				611B802925F3753700C300B7 /* GetCatalogPreview.swift */,
			);
			path = Catalog;
			sourceTree = "<group>";
		};
		611B801D25F2E7DE00C300B7 /* Home View */ = {
			isa = PBXGroup;
			children = (
				611B801E25F2E80800C300B7 /* MainActionsView.swift */,
			);
			path = "Home View";
			sourceTree = "<group>";
		};
		611B802025F2ECFA00C300B7 /* Catalog View */ = {
			isa = PBXGroup;
			children = (
				611B802125F2ED1D00C300B7 /* CatalogView.swift */,
				61B883F825F3B5B000A67BC4 /* CategorySelection.swift */,
				611B802325F2F1C900C300B7 /* CurrentCategory.swift */,
				61B883F625F3B38500A67BC4 /* ItemInfo.swift */,
			);
			path = "Catalog View";
			sourceTree = "<group>";
		};
		6188E2472673D6CA00822EFA /* Order View */ = {
			isa = PBXGroup;
			children = (
				6188E2482673D6DF00822EFA /* OrderView.swift */,
				61989E8326754EAF00A9A206 /* CheckoutView.swift */,
				61FDEE962675FDF10088DA2E /* RealOrderView.swift */,
			);
			path = "Order View";
			sourceTree = "<group>";
		};
		61B72EC225F2A2ED0065FB2A = {
			isa = PBXGroup;
			children = (
				61FA0E212673D442009AF1C8 /* OrderedItem+CoreDataClass.swift */,
				61FA0E222673D442009AF1C8 /* OrderedItem+CoreDataProperties.swift */,
				61B72ECD25F2A2ED0065FB2A /* PizzaTech */,
				610875302674AD34007E25DF /* SharedResources */,
				610875032674AC78007E25DF /* PizzaTechDeliverApp */,
				61B72ECC25F2A2ED0065FB2A /* Products */,
			);
			sourceTree = "<group>";
		};
		61B72ECC25F2A2ED0065FB2A /* Products */ = {
			isa = PBXGroup;
			children = (
				61B72ECB25F2A2ED0065FB2A /* PizzaTech.app */,
				610875022674AC78007E25DF /* PizzaTechDeliverApp.app */,
			);
			name = Products;
			sourceTree = "<group>";
		};
		61B72ECD25F2A2ED0065FB2A /* PizzaTech */ = {
			isa = PBXGroup;
			children = (
				61B72EEC25F2B5D10065FB2A /* Resources */,
				61B72ECE25F2A2ED0065FB2A /* PizzaTechApp.swift */,
				61B72EEA25F2B5A00065FB2A /* Views */,
				6188E2472673D6CA00822EFA /* Order View */,
				61B72EEB25F2B5AF0065FB2A /* Managers & Services */,
			);
			path = PizzaTech;
			sourceTree = "<group>";
		};
		61B72ED425F2A2EF0065FB2A /* Preview Content */ = {
			isa = PBXGroup;
			children = (
				61B72ED525F2A2EF0065FB2A /* Preview Assets.xcassets */,
				611B802725F3751500C300B7 /* CatalogPreview.json */,
			);
			path = "Preview Content";
			sourceTree = "<group>";
		};
		61B72EEA25F2B5A00065FB2A /* Views */ = {
			isa = PBXGroup;
			children = (
				61B72ED025F2A2ED0065FB2A /* HomeView.swift */,
				611B801D25F2E7DE00C300B7 /* Home View */,
				611B802025F2ECFA00C300B7 /* Catalog View */,
			);
			path = Views;
			sourceTree = "<group>";
		};
		61B72EEB25F2B5AF0065FB2A /* Managers & Services */ = {
			isa = PBXGroup;
			children = (
				611B801B25F2D46600C300B7 /* BackendAPI.swift */,
				611B801825F2D22400C300B7 /* Catalog */,
			);
			path = "Managers & Services";
			sourceTree = "<group>";
		};
		61B72EEC25F2B5D10065FB2A /* Resources */ = {
			isa = PBXGroup;
			children = (
				61B72ED225F2A2EF0065FB2A /* Assets.xcassets */,
				61B72EDC25F2A2EF0065FB2A /* Info.plist */,
				61FA0E1E2673D2A9009AF1C8 /* PizzaTech.xcdatamodeld */,
			);
			path = Resources;
			sourceTree = "<group>";
		};
/* End PBXGroup section */

/* Begin PBXNativeTarget section */
		610875012674AC78007E25DF /* PizzaTechDeliverApp */ = {
			isa = PBXNativeTarget;
			buildConfigurationList = 6108752D2674AC7B007E25DF /* Build configuration list for PBXNativeTarget "PizzaTechDeliverApp" */;
			buildPhases = (
				610874FE2674AC78007E25DF /* Sources */,
				610874FF2674AC78007E25DF /* Frameworks */,
				610875002674AC78007E25DF /* Resources */,
			);
			buildRules = (
			);
			dependencies = (
			);
			name = PizzaTechDeliverApp;
			productName = PizzaTechDeliverApp;
			productReference = 610875022674AC78007E25DF /* PizzaTechDeliverApp.app */;
			productType = "com.apple.product-type.application";
		};
		61B72ECA25F2A2ED0065FB2A /* PizzaTech */ = {
			isa = PBXNativeTarget;
			buildConfigurationList = 61B72EDF25F2A2EF0065FB2A /* Build configuration list for PBXNativeTarget "PizzaTech" */;
			buildPhases = (
				61B72EC725F2A2ED0065FB2A /* Sources */,
				61B72EC825F2A2ED0065FB2A /* Frameworks */,
				61B72EC925F2A2ED0065FB2A /* Resources */,
			);
			buildRules = (
			);
			dependencies = (
			);
			name = PizzaTech;
			productName = PizzaTech;
			productReference = 61B72ECB25F2A2ED0065FB2A /* PizzaTech.app */;
			productType = "com.apple.product-type.application";
		};
/* End PBXNativeTarget section */

/* Begin PBXProject section */
		61B72EC325F2A2ED0065FB2A /* Project object */ = {
			isa = PBXProject;
			attributes = {
				LastSwiftUpdateCheck = 1250;
				LastUpgradeCheck = 1240;
				TargetAttributes = {
					610875012674AC78007E25DF = {
						CreatedOnToolsVersion = 12.5;
					};
					61B72ECA25F2A2ED0065FB2A = {
						CreatedOnToolsVersion = 12.4;
					};
				};
			};
			buildConfigurationList = 61B72EC625F2A2ED0065FB2A /* Build configuration list for PBXProject "PizzaTech" */;
			compatibilityVersion = "Xcode 9.3";
			developmentRegion = en;
			hasScannedForEncodings = 0;
			knownRegions = (
				en,
				Base,
			);
			mainGroup = 61B72EC225F2A2ED0065FB2A;
			productRefGroup = 61B72ECC25F2A2ED0065FB2A /* Products */;
			projectDirPath = "";
			projectRoot = "";
			targets = (
				61B72ECA25F2A2ED0065FB2A /* PizzaTech */,
				610875012674AC78007E25DF /* PizzaTechDeliverApp */,
			);
		};
/* End PBXProject section */

/* Begin PBXResourcesBuildPhase section */
		610875002674AC78007E25DF /* Resources */ = {
			isa = PBXResourcesBuildPhase;
			buildActionMask = 2147483647;
			files = (
				610875322674AD50007E25DF /* CatalogPreview.json in Resources */,
				6108750C2674AC7B007E25DF /* Preview Assets.xcassets in Resources */,
				610875332674AD50007E25DF /* Preview Assets.xcassets in Resources */,
				610875372674CD83007E25DF /* CatalogImages.xcassets in Resources */,
				610875092674AC7B007E25DF /* Assets.xcassets in Resources */,
			);
			runOnlyForDeploymentPostprocessing = 0;
		};
		61B72EC925F2A2ED0065FB2A /* Resources */ = {
			isa = PBXResourcesBuildPhase;
			buildActionMask = 2147483647;
			files = (
				611B802825F3751500C300B7 /* CatalogPreview.json in Resources */,
				61B72ED625F2A2EF0065FB2A /* Preview Assets.xcassets in Resources */,
				61B72ED325F2A2EF0065FB2A /* Assets.xcassets in Resources */,
				61B883FB25F3B8DF00A67BC4 /* CatalogImages.xcassets in Resources */,
			);
			runOnlyForDeploymentPostprocessing = 0;
		};
/* End PBXResourcesBuildPhase section */

/* Begin PBXSourcesBuildPhase section */
		610874FE2674AC78007E25DF /* Sources */ = {
			isa = PBXSourcesBuildPhase;
			buildActionMask = 2147483647;
			files = (
				6108753B2674D789007E25DF /* OrderInfoView.swift in Sources */,
				610875342674AD50007E25DF /* GetCatalogPreview.swift in Sources */,
				610875392674D39A007E25DF /* OrderPreview.swift in Sources */,
				610875072674AC79007E25DF /* ContentView.swift in Sources */,
				610875052674AC79007E25DF /* PizzaTechDeliverAppApp.swift in Sources */,
				610875352674AD93007E25DF /* CatalogCategories.swift in Sources */,
				610875362674AD93007E25DF /* CatalogService.swift in Sources */,
			);
			runOnlyForDeploymentPostprocessing = 0;
		};
		61B72EC725F2A2ED0065FB2A /* Sources */ = {
			isa = PBXSourcesBuildPhase;
			buildActionMask = 2147483647;
			files = (
				61FA0E242673D442009AF1C8 /* OrderedItem+CoreDataProperties.swift in Sources */,
				611B802225F2ED1D00C300B7 /* CatalogView.swift in Sources */,
				611B801F25F2E80900C300B7 /* MainActionsView.swift in Sources */,
				611B802425F2F1C900C300B7 /* CurrentCategory.swift in Sources */,
				61FDEE972675FDF10088DA2E /* RealOrderView.swift in Sources */,
				61B883FF25F42FEB00A67BC4 /* CatalogCategories.swift in Sources */,
				61B883F725F3B38500A67BC4 /* ItemInfo.swift in Sources */,
				61FA0E232673D442009AF1C8 /* OrderedItem+CoreDataClass.swift in Sources */,
				61B72ED125F2A2ED0065FB2A /* HomeView.swift in Sources */,
				61FA0E202673D2A9009AF1C8 /* PizzaTech.xcdatamodeld in Sources */,
				6188E2492673D6DF00822EFA /* OrderView.swift in Sources */,
				61B72ECF25F2A2ED0065FB2A /* PizzaTechApp.swift in Sources */,
				611B801725F2C0B000C300B7 /* CatalogService.swift in Sources */,
				611B801C25F2D46600C300B7 /* BackendAPI.swift in Sources */,
				611B802A25F3753700C300B7 /* GetCatalogPreview.swift in Sources */,
				61989E8426754EAF00A9A206 /* CheckoutView.swift in Sources */,
				61B883F925F3B5B000A67BC4 /* CategorySelection.swift in Sources */,
			);
			runOnlyForDeploymentPostprocessing = 0;
		};
/* End PBXSourcesBuildPhase section */

/* Begin XCBuildConfiguration section */
		610875242674AC7B007E25DF /* Debug */ = {
			isa = XCBuildConfiguration;
			buildSettings = {
				ASSETCATALOG_COMPILER_APPICON_NAME = AppIcon;
				ASSETCATALOG_COMPILER_GLOBAL_ACCENT_COLOR_NAME = AccentColor;
				CODE_SIGN_STYLE = Automatic;
				DEVELOPMENT_ASSET_PATHS = "\"PizzaTechDeliverApp/Preview Content\"";
				DEVELOPMENT_TEAM = RC32A2AMHF;
				ENABLE_PREVIEWS = YES;
				INFOPLIST_FILE = PizzaTechDeliverApp/Info.plist;
				IPHONEOS_DEPLOYMENT_TARGET = 14.5;
				LD_RUNPATH_SEARCH_PATHS = (
					"$(inherited)",
					"@executable_path/Frameworks",
				);
				PRODUCT_BUNDLE_IDENTIFIER = test.me.space8.PizzaTechDeliver.PizzaTechDeliverApp;
				PRODUCT_NAME = "$(TARGET_NAME)";
				SWIFT_VERSION = 5.0;
				TARGETED_DEVICE_FAMILY = "1,2";
			};
			name = Debug;
		};
		610875252674AC7B007E25DF /* Preview */ = {
			isa = XCBuildConfiguration;
			buildSettings = {
				ASSETCATALOG_COMPILER_APPICON_NAME = AppIcon;
				ASSETCATALOG_COMPILER_GLOBAL_ACCENT_COLOR_NAME = AccentColor;
				CODE_SIGN_STYLE = Automatic;
				DEVELOPMENT_ASSET_PATHS = "\"PizzaTechDeliverApp/Preview Content\"";
				DEVELOPMENT_TEAM = RC32A2AMHF;
				ENABLE_PREVIEWS = YES;
				INFOPLIST_FILE = PizzaTechDeliverApp/Info.plist;
				IPHONEOS_DEPLOYMENT_TARGET = 14.5;
				LD_RUNPATH_SEARCH_PATHS = (
					"$(inherited)",
					"@executable_path/Frameworks",
				);
				PRODUCT_BUNDLE_IDENTIFIER = test.me.space8.PizzaTechDeliver.PizzaTechDeliverApp;
				PRODUCT_NAME = "$(TARGET_NAME)";
				SWIFT_VERSION = 5.0;
				TARGETED_DEVICE_FAMILY = "1,2";
			};
			name = Preview;
		};
		610875262674AC7B007E25DF /* Release */ = {
			isa = XCBuildConfiguration;
			buildSettings = {
				ASSETCATALOG_COMPILER_APPICON_NAME = AppIcon;
				ASSETCATALOG_COMPILER_GLOBAL_ACCENT_COLOR_NAME = AccentColor;
				CODE_SIGN_STYLE = Automatic;
				DEVELOPMENT_ASSET_PATHS = "\"PizzaTechDeliverApp/Preview Content\"";
				DEVELOPMENT_TEAM = RC32A2AMHF;
				ENABLE_PREVIEWS = YES;
				INFOPLIST_FILE = PizzaTechDeliverApp/Info.plist;
				IPHONEOS_DEPLOYMENT_TARGET = 14.5;
				LD_RUNPATH_SEARCH_PATHS = (
					"$(inherited)",
					"@executable_path/Frameworks",
				);
				PRODUCT_BUNDLE_IDENTIFIER = test.me.space8.PizzaTechDeliver.PizzaTechDeliverApp;
				PRODUCT_NAME = "$(TARGET_NAME)";
				SWIFT_VERSION = 5.0;
				TARGETED_DEVICE_FAMILY = "1,2";
			};
			name = Release;
		};
		611B802525F3720F00C300B7 /* Preview */ = {
			isa = XCBuildConfiguration;
			buildSettings = {
				ALWAYS_SEARCH_USER_PATHS = NO;
				CLANG_ANALYZER_NONNULL = YES;
				CLANG_ANALYZER_NUMBER_OBJECT_CONVERSION = YES_AGGRESSIVE;
				CLANG_CXX_LANGUAGE_STANDARD = "gnu++14";
				CLANG_CXX_LIBRARY = "libc++";
				CLANG_ENABLE_MODULES = YES;
				CLANG_ENABLE_OBJC_ARC = YES;
				CLANG_ENABLE_OBJC_WEAK = YES;
				CLANG_WARN_BLOCK_CAPTURE_AUTORELEASING = YES;
				CLANG_WARN_BOOL_CONVERSION = YES;
				CLANG_WARN_COMMA = YES;
				CLANG_WARN_CONSTANT_CONVERSION = YES;
				CLANG_WARN_DEPRECATED_OBJC_IMPLEMENTATIONS = YES;
				CLANG_WARN_DIRECT_OBJC_ISA_USAGE = YES_ERROR;
				CLANG_WARN_DOCUMENTATION_COMMENTS = YES;
				CLANG_WARN_EMPTY_BODY = YES;
				CLANG_WARN_ENUM_CONVERSION = YES;
				CLANG_WARN_INFINITE_RECURSION = YES;
				CLANG_WARN_INT_CONVERSION = YES;
				CLANG_WARN_NON_LITERAL_NULL_CONVERSION = YES;
				CLANG_WARN_OBJC_IMPLICIT_RETAIN_SELF = YES;
				CLANG_WARN_OBJC_LITERAL_CONVERSION = YES;
				CLANG_WARN_OBJC_ROOT_CLASS = YES_ERROR;
				CLANG_WARN_QUOTED_INCLUDE_IN_FRAMEWORK_HEADER = YES;
				CLANG_WARN_RANGE_LOOP_ANALYSIS = YES;
				CLANG_WARN_STRICT_PROTOTYPES = YES;
				CLANG_WARN_SUSPICIOUS_MOVE = YES;
				CLANG_WARN_UNGUARDED_AVAILABILITY = YES_AGGRESSIVE;
				CLANG_WARN_UNREACHABLE_CODE = YES;
				CLANG_WARN__DUPLICATE_METHOD_MATCH = YES;
				COPY_PHASE_STRIP = NO;
				DEBUG_INFORMATION_FORMAT = dwarf;
				ENABLE_STRICT_OBJC_MSGSEND = YES;
				ENABLE_TESTABILITY = YES;
				GCC_C_LANGUAGE_STANDARD = gnu11;
				GCC_DYNAMIC_NO_PIC = NO;
				GCC_NO_COMMON_BLOCKS = YES;
				GCC_OPTIMIZATION_LEVEL = 0;
				GCC_PREPROCESSOR_DEFINITIONS = (
					"DEBUG=1",
					"$(inherited)",
				);
				GCC_WARN_64_TO_32_BIT_CONVERSION = YES;
				GCC_WARN_ABOUT_RETURN_TYPE = YES_ERROR;
				GCC_WARN_UNDECLARED_SELECTOR = YES;
				GCC_WARN_UNINITIALIZED_AUTOS = YES_AGGRESSIVE;
				GCC_WARN_UNUSED_FUNCTION = YES;
				GCC_WARN_UNUSED_VARIABLE = YES;
				IPHONEOS_DEPLOYMENT_TARGET = 14.4;
				MTL_ENABLE_DEBUG_INFO = INCLUDE_SOURCE;
				MTL_FAST_MATH = YES;
				ONLY_ACTIVE_ARCH = YES;
				SDKROOT = iphoneos;
				SWIFT_ACTIVE_COMPILATION_CONDITIONS = PREVIEW;
				SWIFT_OPTIMIZATION_LEVEL = "-Onone";
			};
			name = Preview;
		};
		611B802625F3720F00C300B7 /* Preview */ = {
			isa = XCBuildConfiguration;
			buildSettings = {
				ASSETCATALOG_COMPILER_APPICON_NAME = AppIcon;
				ASSETCATALOG_COMPILER_GLOBAL_ACCENT_COLOR_NAME = AccentColor;
				CODE_SIGN_STYLE = Automatic;
				DEVELOPMENT_ASSET_PATHS = "\"SharedResources/Preview Content\"";
				DEVELOPMENT_TEAM = RC32A2AMHF;
				ENABLE_PREVIEWS = YES;
				INFOPLIST_FILE = PizzaTech/Resources/Info.plist;
				IPHONEOS_DEPLOYMENT_TARGET = 14.0;
				LD_RUNPATH_SEARCH_PATHS = (
					"$(inherited)",
					"@executable_path/Frameworks",
				);
				PRODUCT_BUNDLE_IDENTIFIER = test.me.space8.PizzaTech;
				PRODUCT_NAME = "$(TARGET_NAME)";
				SWIFT_VERSION = 5.0;
				TARGETED_DEVICE_FAMILY = "1,2";
			};
			name = Preview;
		};
		61B72EDD25F2A2EF0065FB2A /* Debug */ = {
			isa = XCBuildConfiguration;
			buildSettings = {
				ALWAYS_SEARCH_USER_PATHS = NO;
				CLANG_ANALYZER_NONNULL = YES;
				CLANG_ANALYZER_NUMBER_OBJECT_CONVERSION = YES_AGGRESSIVE;
				CLANG_CXX_LANGUAGE_STANDARD = "gnu++14";
				CLANG_CXX_LIBRARY = "libc++";
				CLANG_ENABLE_MODULES = YES;
				CLANG_ENABLE_OBJC_ARC = YES;
				CLANG_ENABLE_OBJC_WEAK = YES;
				CLANG_WARN_BLOCK_CAPTURE_AUTORELEASING = YES;
				CLANG_WARN_BOOL_CONVERSION = YES;
				CLANG_WARN_COMMA = YES;
				CLANG_WARN_CONSTANT_CONVERSION = YES;
				CLANG_WARN_DEPRECATED_OBJC_IMPLEMENTATIONS = YES;
				CLANG_WARN_DIRECT_OBJC_ISA_USAGE = YES_ERROR;
				CLANG_WARN_DOCUMENTATION_COMMENTS = YES;
				CLANG_WARN_EMPTY_BODY = YES;
				CLANG_WARN_ENUM_CONVERSION = YES;
				CLANG_WARN_INFINITE_RECURSION = YES;
				CLANG_WARN_INT_CONVERSION = YES;
				CLANG_WARN_NON_LITERAL_NULL_CONVERSION = YES;
				CLANG_WARN_OBJC_IMPLICIT_RETAIN_SELF = YES;
				CLANG_WARN_OBJC_LITERAL_CONVERSION = YES;
				CLANG_WARN_OBJC_ROOT_CLASS = YES_ERROR;
				CLANG_WARN_QUOTED_INCLUDE_IN_FRAMEWORK_HEADER = YES;
				CLANG_WARN_RANGE_LOOP_ANALYSIS = YES;
				CLANG_WARN_STRICT_PROTOTYPES = YES;
				CLANG_WARN_SUSPICIOUS_MOVE = YES;
				CLANG_WARN_UNGUARDED_AVAILABILITY = YES_AGGRESSIVE;
				CLANG_WARN_UNREACHABLE_CODE = YES;
				CLANG_WARN__DUPLICATE_METHOD_MATCH = YES;
				COPY_PHASE_STRIP = NO;
				DEBUG_INFORMATION_FORMAT = dwarf;
				ENABLE_STRICT_OBJC_MSGSEND = YES;
				ENABLE_TESTABILITY = YES;
				GCC_C_LANGUAGE_STANDARD = gnu11;
				GCC_DYNAMIC_NO_PIC = NO;
				GCC_NO_COMMON_BLOCKS = YES;
				GCC_OPTIMIZATION_LEVEL = 0;
				GCC_PREPROCESSOR_DEFINITIONS = (
					"DEBUG=1",
					"$(inherited)",
				);
				GCC_WARN_64_TO_32_BIT_CONVERSION = YES;
				GCC_WARN_ABOUT_RETURN_TYPE = YES_ERROR;
				GCC_WARN_UNDECLARED_SELECTOR = YES;
				GCC_WARN_UNINITIALIZED_AUTOS = YES_AGGRESSIVE;
				GCC_WARN_UNUSED_FUNCTION = YES;
				GCC_WARN_UNUSED_VARIABLE = YES;
				IPHONEOS_DEPLOYMENT_TARGET = 14.4;
				MTL_ENABLE_DEBUG_INFO = INCLUDE_SOURCE;
				MTL_FAST_MATH = YES;
				ONLY_ACTIVE_ARCH = YES;
				SDKROOT = iphoneos;
				SWIFT_ACTIVE_COMPILATION_CONDITIONS = DEBUG;
				SWIFT_OPTIMIZATION_LEVEL = "-Onone";
			};
			name = Debug;
		};
		61B72EDE25F2A2EF0065FB2A /* Release */ = {
			isa = XCBuildConfiguration;
			buildSettings = {
				ALWAYS_SEARCH_USER_PATHS = NO;
				CLANG_ANALYZER_NONNULL = YES;
				CLANG_ANALYZER_NUMBER_OBJECT_CONVERSION = YES_AGGRESSIVE;
				CLANG_CXX_LANGUAGE_STANDARD = "gnu++14";
				CLANG_CXX_LIBRARY = "libc++";
				CLANG_ENABLE_MODULES = YES;
				CLANG_ENABLE_OBJC_ARC = YES;
				CLANG_ENABLE_OBJC_WEAK = YES;
				CLANG_WARN_BLOCK_CAPTURE_AUTORELEASING = YES;
				CLANG_WARN_BOOL_CONVERSION = YES;
				CLANG_WARN_COMMA = YES;
				CLANG_WARN_CONSTANT_CONVERSION = YES;
				CLANG_WARN_DEPRECATED_OBJC_IMPLEMENTATIONS = YES;
				CLANG_WARN_DIRECT_OBJC_ISA_USAGE = YES_ERROR;
				CLANG_WARN_DOCUMENTATION_COMMENTS = YES;
				CLANG_WARN_EMPTY_BODY = YES;
				CLANG_WARN_ENUM_CONVERSION = YES;
				CLANG_WARN_INFINITE_RECURSION = YES;
				CLANG_WARN_INT_CONVERSION = YES;
				CLANG_WARN_NON_LITERAL_NULL_CONVERSION = YES;
				CLANG_WARN_OBJC_IMPLICIT_RETAIN_SELF = YES;
				CLANG_WARN_OBJC_LITERAL_CONVERSION = YES;
				CLANG_WARN_OBJC_ROOT_CLASS = YES_ERROR;
				CLANG_WARN_QUOTED_INCLUDE_IN_FRAMEWORK_HEADER = YES;
				CLANG_WARN_RANGE_LOOP_ANALYSIS = YES;
				CLANG_WARN_STRICT_PROTOTYPES = YES;
				CLANG_WARN_SUSPICIOUS_MOVE = YES;
				CLANG_WARN_UNGUARDED_AVAILABILITY = YES_AGGRESSIVE;
				CLANG_WARN_UNREACHABLE_CODE = YES;
				CLANG_WARN__DUPLICATE_METHOD_MATCH = YES;
				COPY_PHASE_STRIP = NO;
				DEBUG_INFORMATION_FORMAT = "dwarf-with-dsym";
				ENABLE_NS_ASSERTIONS = NO;
				ENABLE_STRICT_OBJC_MSGSEND = YES;
				GCC_C_LANGUAGE_STANDARD = gnu11;
				GCC_NO_COMMON_BLOCKS = YES;
				GCC_WARN_64_TO_32_BIT_CONVERSION = YES;
				GCC_WARN_ABOUT_RETURN_TYPE = YES_ERROR;
				GCC_WARN_UNDECLARED_SELECTOR = YES;
				GCC_WARN_UNINITIALIZED_AUTOS = YES_AGGRESSIVE;
				GCC_WARN_UNUSED_FUNCTION = YES;
				GCC_WARN_UNUSED_VARIABLE = YES;
				IPHONEOS_DEPLOYMENT_TARGET = 14.4;
				MTL_ENABLE_DEBUG_INFO = NO;
				MTL_FAST_MATH = YES;
				SDKROOT = iphoneos;
				SWIFT_COMPILATION_MODE = wholemodule;
				SWIFT_OPTIMIZATION_LEVEL = "-O";
				VALIDATE_PRODUCT = YES;
			};
			name = Release;
		};
		61B72EE025F2A2EF0065FB2A /* Debug */ = {
			isa = XCBuildConfiguration;
			buildSettings = {
				ASSETCATALOG_COMPILER_APPICON_NAME = AppIcon;
				ASSETCATALOG_COMPILER_GLOBAL_ACCENT_COLOR_NAME = AccentColor;
				CODE_SIGN_STYLE = Automatic;
				DEVELOPMENT_ASSET_PATHS = "\"SharedResources/Preview Content\"";
				DEVELOPMENT_TEAM = RC32A2AMHF;
				ENABLE_PREVIEWS = YES;
				INFOPLIST_FILE = PizzaTech/Resources/Info.plist;
				IPHONEOS_DEPLOYMENT_TARGET = 14.0;
				LD_RUNPATH_SEARCH_PATHS = (
					"$(inherited)",
					"@executable_path/Frameworks",
				);
				PRODUCT_BUNDLE_IDENTIFIER = test.me.space8.PizzaTech;
				PRODUCT_NAME = "$(TARGET_NAME)";
				SWIFT_VERSION = 5.0;
				TARGETED_DEVICE_FAMILY = "1,2";
			};
			name = Debug;
		};
		61B72EE125F2A2EF0065FB2A /* Release */ = {
			isa = XCBuildConfiguration;
			buildSettings = {
				ASSETCATALOG_COMPILER_APPICON_NAME = AppIcon;
				ASSETCATALOG_COMPILER_GLOBAL_ACCENT_COLOR_NAME = AccentColor;
				CODE_SIGN_STYLE = Automatic;
				DEVELOPMENT_ASSET_PATHS = "\"SharedResources/Preview Content\"";
				DEVELOPMENT_TEAM = RC32A2AMHF;
				ENABLE_PREVIEWS = YES;
				INFOPLIST_FILE = PizzaTech/Resources/Info.plist;
				IPHONEOS_DEPLOYMENT_TARGET = 14.0;
				LD_RUNPATH_SEARCH_PATHS = (
					"$(inherited)",
					"@executable_path/Frameworks",
				);
				PRODUCT_BUNDLE_IDENTIFIER = test.me.space8.PizzaTech;
				PRODUCT_NAME = "$(TARGET_NAME)";
				SWIFT_VERSION = 5.0;
				TARGETED_DEVICE_FAMILY = "1,2";
			};
			name = Release;
		};
/* End XCBuildConfiguration section */

/* Begin XCConfigurationList section */
		6108752D2674AC7B007E25DF /* Build configuration list for PBXNativeTarget "PizzaTechDeliverApp" */ = {
			isa = XCConfigurationList;
			buildConfigurations = (
				610875242674AC7B007E25DF /* Debug */,
				610875252674AC7B007E25DF /* Preview */,
				610875262674AC7B007E25DF /* Release */,
			);
			defaultConfigurationIsVisible = 0;
			defaultConfigurationName = Release;
		};
		61B72EC625F2A2ED0065FB2A /* Build configuration list for PBXProject "PizzaTech" */ = {
			isa = XCConfigurationList;
			buildConfigurations = (
				61B72EDD25F2A2EF0065FB2A /* Debug */,
				611B802525F3720F00C300B7 /* Preview */,
				61B72EDE25F2A2EF0065FB2A /* Release */,
			);
			defaultConfigurationIsVisible = 0;
			defaultConfigurationName = Release;
		};
		61B72EDF25F2A2EF0065FB2A /* Build configuration list for PBXNativeTarget "PizzaTech" */ = {
			isa = XCConfigurationList;
			buildConfigurations = (
				61B72EE025F2A2EF0065FB2A /* Debug */,
				611B802625F3720F00C300B7 /* Preview */,
				61B72EE125F2A2EF0065FB2A /* Release */,
			);
			defaultConfigurationIsVisible = 0;
			defaultConfigurationName = Release;
		};
/* End XCConfigurationList section */

/* Begin XCVersionGroup section */
		61FA0E1E2673D2A9009AF1C8 /* PizzaTech.xcdatamodeld */ = {
			isa = XCVersionGroup;
			children = (
				61FA0E1F2673D2A9009AF1C8 /* PizzaTech.xcdatamodel */,
			);
			currentVersion = 61FA0E1F2673D2A9009AF1C8 /* PizzaTech.xcdatamodel */;
			name = PizzaTech.xcdatamodeld;
			path = ../../PizzaTech.xcdatamodeld;
			sourceTree = "<group>";
			versionGroupType = wrapper.xcdatamodel;
		};
/* End XCVersionGroup section */
	};
	rootObject = 61B72EC325F2A2ED0065FB2A /* Project object */;
}
